
Microsoft Visual Studio Solution File, Format Version 12.00
# Visual Studio Version 16
VisualStudioVersion = 16.0.30611.23
MinimumVisualStudioVersion = 10.0.40219.1
Project("{FAE04EC0-301F-11D3-BF4B-00C04F79EFBC}") = "RulesApi", "RulesApi\RulesApi.csproj", "{033B8FF2-0571-456F-B681-AF6A91831D5F}"
EndProject
Global
	GlobalSection(SolutionConfigurationPlatforms) = preSolution
		Debug|Any CPU = Debug|Any CPU
		Release|Any CPU = Release|Any CPU
	EndGlobalSection
	GlobalSection(ProjectConfigurationPlatforms) = postSolution
		{033B8FF2-0571-456F-B681-AF6A91831D5F}.Debug|Any CPU.ActiveCfg = Debug|Any CPU
		{033B8FF2-0571-456F-B681-AF6A91831D5F}.Debug|Any CPU.Build.0 = Debug|Any CPU
		{033B8FF2-0571-456F-B681-AF6A91831D5F}.Release|Any CPU.ActiveCfg = Release|Any CPU
		{033B8FF2-0571-456F-B681-AF6A91831D5F}.Release|Any CPU.Build.0 = Release|Any CPU
	EndGlobalSection
	GlobalSection(SolutionProperties) = preSolution
		HideSolutionNode = FALSE
	EndGlobalSection
	GlobalSection(ExtensibilityGlobals) = postSolution
		SolutionGuid = {AC5642BF-370D-4A5A-A8BE-548BA62CD578}
	EndGlobalSection
EndGlobal
